<?xml version="1.0" encoding="utf-8"?>
<Project ToolsVersion="4.0" xmlns="http://schemas.microsoft.com/developer/msbuild/2003">
  <ItemGroup>
    <Filter Include="Source Files">
      <UniqueIdentifier>{4FC737F1-C7A5-4376-A066-2A32D752A2FF}</UniqueIdentifier>
      <Extensions>cpp;c;cc;cxx;c++;cppm;ixx;def;odl;idl;hpj;bat;asm;asmx</Extensions>
    </Filter>
    <Filter Include="Header Files">
      <UniqueIdentifier>{93995380-89BD-4b04-88EB-625FBE52EBFB}</UniqueIdentifier>
      <Extensions>h;hh;hpp;hxx;h++;hm;inl;inc;ipp;xsd</Extensions>
    </Filter>
    <Filter Include="Resource Files">
      <UniqueIdentifier>{67DA6AB6-F800-4c08-8B7A-83BB121AAD01}</UniqueIdentifier>
      <Extensions>rc;ico;cur;bmp;dlg;rc2;rct;bin;rgs;gif;jpg;jpeg;jpe;resx;tiff;tif;png;wav;mfcribbon-ms</Extensions>
    </Filter>
    <Filter Include="Header Files\DX12">
      <UniqueIdentifier>{1ddce29f-eb12-4ccf-952a-da787b37eb2f}</UniqueIdentifier>
    </Filter>
    <Filter Include="Source Files\DX12">
      <UniqueIdentifier>{75636589-f304-4496-90a9-0412e1bec502}</UniqueIdentifier>
    </Filter>
    <Filter Include="Header Files\Helper">
      <UniqueIdentifier>{5b2e3e24-f9c9-461c-9274-13e4952421c0}</UniqueIdentifier>
    </Filter>
    <Filter Include="Header Files\Model">
      <UniqueIdentifier>{8ccc4547-7587-4378-bf3f-dbeaa4391971}</UniqueIdentifier>
    </Filter>
    <Filter Include="Source Files\Model">
      <UniqueIdentifier>{673546aa-f760-45b4-af3d-b7300a3a6f9d}</UniqueIdentifier>
    </Filter>
    <Filter Include="Resource Files\Shader">
      <UniqueIdentifier>{9d3c5679-5874-4d7c-b569-dbe0d1d7472b}</UniqueIdentifier>
    </Filter>
    <Filter Include="Resource Files\Shader\Priavte">
      <UniqueIdentifier>{378b8fde-229a-4cd9-a799-7aa5cd62bf8d}</UniqueIdentifier>
    </Filter>
    <Filter Include="Resource Files\Shader\Public">
      <UniqueIdentifier>{e2335b91-bf71-4a5d-9fdb-f259078823ad}</UniqueIdentifier>
    </Filter>
    <Filter Include="Resource Files\Shader\Priavte\Header">
      <UniqueIdentifier>{959e42e0-9903-48ec-afc1-49cf8d47232a}</UniqueIdentifier>
    </Filter>
    <Filter Include="Resource Files\Tex">
      <UniqueIdentifier>{a7ed1da8-a8b9-4fdd-b060-c397b456b1fe}</UniqueIdentifier>
    </Filter>
    <Filter Include="X64">
      <UniqueIdentifier>{7432b155-6c6b-4459-8cf3-def79fb0f7ab}</UniqueIdentifier>
    </Filter>
    <Filter Include="X64\private">
      <UniqueIdentifier>{179c0cd1-3c71-47f8-9c2f-e5807c0b2b3d}</UniqueIdentifier>
    </Filter>
    <Filter Include="X64\public">
      <UniqueIdentifier>{ea212747-cc65-40fc-968d-b87999217161}</UniqueIdentifier>
    </Filter>
    <Filter Include="Source Files\Lib">
      <UniqueIdentifier>{912fc041-91af-4ff3-b95e-55e835277e96}</UniqueIdentifier>
    </Filter>
    <Filter Include="Header Files\Lib">
      <UniqueIdentifier>{caf42046-1028-4d1c-8c4f-09f10f7b2f48}</UniqueIdentifier>
    </Filter>
    <Filter Include="Header Files\Manager">
      <UniqueIdentifier>{4c058980-c128-4ac8-864a-c0a19c8d94c6}</UniqueIdentifier>
    </Filter>
    <Filter Include="Header Files\Utility">
      <UniqueIdentifier>{ca603d7b-7f24-4a38-a306-d20ade03798f}</UniqueIdentifier>
    </Filter>
    <Filter Include="Source Files\Manager">
      <UniqueIdentifier>{cde27576-2d64-4840-8318-4075adde8c72}</UniqueIdentifier>
    </Filter>
    <Filter Include="Source Files\Utility">
      <UniqueIdentifier>{d653f1dc-fbac-47e5-9a66-d5618ea5157f}</UniqueIdentifier>
    </Filter>
    <Filter Include="Header Files\Render">
      <UniqueIdentifier>{4661ade4-b262-44a9-97a8-d90d3d4267a3}</UniqueIdentifier>
    </Filter>
    <Filter Include="Source Files\Render">
      <UniqueIdentifier>{5da19277-92fd-4940-906b-51d7a28d2132}</UniqueIdentifier>
    </Filter>
    <Filter Include="Source Files\Helper">
      <UniqueIdentifier>{957948f9-5b26-4523-b2e2-6a27dd3271a4}</UniqueIdentifier>
    </Filter>
    <Filter Include="Header Files\Render\Pass">
      <UniqueIdentifier>{00a95cee-7d3f-41b3-bcab-035300079cce}</UniqueIdentifier>
    </Filter>
    <Filter Include="Source Files\Render\Pass">
      <UniqueIdentifier>{829ccb55-0151-4544-acf1-286f8b3782f4}</UniqueIdentifier>
    </Filter>
    <Filter Include="Header Files\AMD">
      <UniqueIdentifier>{52ff4184-481e-4d4e-88fb-c48990620ffc}</UniqueIdentifier>
    </Filter>
    <Filter Include="Source Files\AMD">
      <UniqueIdentifier>{3498ca6f-6662-4108-8d36-e7bbc1be8e5b}</UniqueIdentifier>
    </Filter>
  </ItemGroup>
  <ItemGroup>
    <ClInclude Include="stdafx.h">
      <Filter>Header Files\Helper</Filter>
    </ClInclude>
    <ClInclude Include="dxc\inc\d3d12shader.h">
      <Filter>Header Files\Lib</Filter>
    </ClInclude>
    <ClInclude Include="dxc\inc\dxcapi.h">
      <Filter>Header Files\Lib</Filter>
    </ClInclude>
    <ClInclude Include="dxc\inc\d3dx12.h">
      <Filter>Header Files</Filter>
    </ClInclude>
    <ClInclude Include="lib\stb\stb_image.h">
      <Filter>Header Files</Filter>
    </ClInclude>
    <ClInclude Include="lib\stb\stb_image_write.h">
      <Filter>Header Files</Filter>
    </ClInclude>
    <ClInclude Include="src\Editor\IMGUIHelper.h">
      <Filter>Header Files</Filter>
    </ClInclude>
    <ClInclude Include="src\Editor\UI.h">
      <Filter>Header Files</Filter>
    </ClInclude>
    <ClInclude Include="src\Editor\UserData.h">
      <Filter>Header Files</Filter>
    </ClInclude>
    <ClInclude Include="src\Programs\BoundingBox.h">
      <Filter>Header Files</Filter>
    </ClInclude>
    <ClInclude Include="src\Programs\Common.h">
      <Filter>Header Files</Filter>
    </ClInclude>
    <ClInclude Include="src\Programs\Containers.h">
      <Filter>Header Files</Filter>
    </ClInclude>
    <ClInclude Include="src\Programs\DebugUtility.h">
      <Filter>Header Files</Filter>
    </ClInclude>
    <ClInclude Include="src\Programs\Hash.h">
      <Filter>Header Files</Filter>
    </ClInclude>
    <ClInclude Include="src\Programs\Helper.h">
      <Filter>Header Files</Filter>
    </ClInclude>
    <ClInclude Include="src\Programs\IManager.h">
      <Filter>Header Files</Filter>
    </ClInclude>
    <ClInclude Include="src\Programs\IUpdate.h">
      <Filter>Header Files</Filter>
    </ClInclude>
    <ClInclude Include="src\Programs\Math.h">
      <Filter>Header Files</Filter>
    </ClInclude>
    <ClInclude Include="src\Programs\PIXHelper.h">
      <Filter>Header Files</Filter>
    </ClInclude>
    <ClInclude Include="src\Programs\RenderHelper.h">
      <Filter>Header Files</Filter>
    </ClInclude>
    <ClInclude Include="src\Programs\SobolSequenceGenerator.h">
      <Filter>Header Files</Filter>
    </ClInclude>
    <ClInclude Include="src\Programs\UserMarker.h">
      <Filter>Header Files</Filter>
    </ClInclude>
    <ClInclude Include="src\Runtime\Core\BufferUtility.h">
      <Filter>Header Files</Filter>
    </ClInclude>
    <ClInclude Include="src\Runtime\Core\ContextUtility.h">
      <Filter>Header Files</Filter>
    </ClInclude>
    <ClInclude Include="src\Runtime\Core\DX12BufferResource.h">
      <Filter>Header Files</Filter>
    </ClInclude>
    <ClInclude Include="src\Runtime\Core\DX12ComputeContext.h">
      <Filter>Header Files</Filter>
    </ClInclude>
    <ClInclude Include="src\Runtime\Core\DX12Context.h">
      <Filter>Header Files</Filter>
    </ClInclude>
    <ClInclude Include="src\Runtime\Core\DX12DescriptorHeap.h">
      <Filter>Header Files</Filter>
    </ClInclude>
    <ClInclude Include="src\Runtime\Core\DX12DescriptorHeapHandle.h">
      <Filter>Header Files</Filter>
    </ClInclude>
    <ClInclude Include="src\Runtime\Core\DX12Device.h">
      <Filter>Header Files</Filter>
    </ClInclude>
    <ClInclude Include="src\Runtime\Core\DX12GPUResource.h">
      <Filter>Header Files</Filter>
    </ClInclude>
    <ClInclude Include="src\Runtime\Core\DX12GraphicsContext.h">
      <Filter>Header Files</Filter>
    </ClInclude>
    <ClInclude Include="src\Runtime\Core\DX12PipelineState.h">
      <Filter>Header Files</Filter>
    </ClInclude>
    <ClInclude Include="src\Runtime\Core\DX12Queue.h">
      <Filter>Header Files</Filter>
    </ClInclude>
    <ClInclude Include="src\Runtime\Core\DX12QueueManager.h">
      <Filter>Header Files</Filter>
    </ClInclude>
    <ClInclude Include="src\Runtime\Core\DX12RenderPassDescriptorHeap.h">
      <Filter>Header Files</Filter>
    </ClInclude>
    <ClInclude Include="src\Runtime\Core\DX12RootSignature.h">
      <Filter>Header Files</Filter>
    </ClInclude>
    <ClInclude Include="src\Runtime\Core\DX12Shader.h">
      <Filter>Header Files</Filter>
    </ClInclude>
    <ClInclude Include="src\Runtime\Core\DX12StagingDescriptorHeap.h">
      <Filter>Header Files</Filter>
    </ClInclude>
    <ClInclude Include="src\Runtime\Core\DX12TextureBuffer.h">
      <Filter>Header Files</Filter>
    </ClInclude>
    <ClInclude Include="src\Runtime\Core\DX12UploadContext.h">
      <Filter>Header Files</Filter>
    </ClInclude>
    <ClInclude Include="src\Runtime\Core\PipelineResourceSpace.h">
      <Filter>Header Files</Filter>
    </ClInclude>
    <ClInclude Include="src\Runtime\Core\PipelineResourceUtility.h">
      <Filter>Header Files</Filter>
    </ClInclude>
    <ClInclude Include="src\Runtime\Core\PipelineStateUtility.h">
      <Filter>Header Files</Filter>
    </ClInclude>
    <ClInclude Include="src\Runtime\Core\PSOHelper.h">
      <Filter>Header Files</Filter>
    </ClInclude>
    <ClInclude Include="src\Runtime\Core\ShaderCompileOptions.h">
      <Filter>Header Files</Filter>
    </ClInclude>
    <ClInclude Include="src\Runtime\Core\ShaderKeywordSet.h">
      <Filter>Header Files</Filter>
    </ClInclude>
    <ClInclude Include="src\Runtime\Core\ShaderKeywordSpace.h">
      <Filter>Header Files</Filter>
    </ClInclude>
    <ClInclude Include="src\Runtime\Core\ShaderUtility.h">
      <Filter>Header Files</Filter>
    </ClInclude>
    <ClInclude Include="src\Runtime\Core\SwapChain.h">
      <Filter>Header Files</Filter>
    </ClInclude>
    <ClInclude Include="src\Runtime\Core\TextureUtility.h">
      <Filter>Header Files</Filter>
    </ClInclude>
    <ClInclude Include="src\Runtime\Core\UploadRingBuffer.h">
      <Filter>Header Files</Filter>
    </ClInclude>
    <ClInclude Include="src\Runtime\Developer\Benchmark.h">
      <Filter>Header Files</Filter>
    </ClInclude>
    <ClInclude Include="src\Runtime\Developer\GPUTimestamps.h">
      <Filter>Header Files</Filter>
    </ClInclude>
    <ClInclude Include="src\Runtime\Engine\ECS\Transform.h">
      <Filter>Header Files</Filter>
    </ClInclude>
    <ClInclude Include="src\Runtime\Engine\ElysiaFrame.h">
      <Filter>Header Files</Filter>
    </ClInclude>
    <ClInclude Include="src\Runtime\Engine\FrameworkWindows.h">
      <Filter>Header Files</Filter>
    </ClInclude>
    <ClInclude Include="src\Runtime\RenderCore\AOUtility.h">
      <Filter>Header Files</Filter>
    </ClInclude>
    <ClInclude Include="src\Runtime\RenderCore\BindlessTextureManager.h">
      <Filter>Header Files</Filter>
    </ClInclude>
    <ClInclude Include="src\Runtime\RenderCore\BufferManager.h">
      <Filter>Header Files</Filter>
    </ClInclude>
    <ClInclude Include="src\Runtime\RenderCore\CameraManager.h">
      <Filter>Header Files</Filter>
    </ClInclude>
    <ClInclude Include="src\Runtime\RenderCore\CBVParameter.h">
      <Filter>Header Files</Filter>
    </ClInclude>
    <ClInclude Include="src\Runtime\RenderCore\DX12Camera.h">
      <Filter>Header Files</Filter>
    </ClInclude>
    <ClInclude Include="src\Runtime\RenderCore\DX12Light.h">
      <Filter>Header Files</Filter>
    </ClInclude>
    <ClInclude Include="src\Runtime\RenderCore\DX12Shadow.h">
      <Filter>Header Files</Filter>
    </ClInclude>
    <ClInclude Include="src\Runtime\RenderCore\LightManager.h">
      <Filter>Header Files</Filter>
    </ClInclude>
    <ClInclude Include="src\Runtime\RenderCore\LightUtility.h">
      <Filter>Header Files</Filter>
    </ClInclude>
    <ClInclude Include="src\Runtime\RenderCore\Material.h">
      <Filter>Header Files</Filter>
    </ClInclude>
    <ClInclude Include="src\Runtime\RenderCore\MaterialParams.h">
      <Filter>Header Files</Filter>
    </ClInclude>
    <ClInclude Include="src\Runtime\RenderCore\MeshRenderer.h">
      <Filter>Header Files</Filter>
    </ClInclude>
    <ClInclude Include="src\Runtime\RenderCore\PSOManager.h">
      <Filter>Header Files</Filter>
    </ClInclude>
    <ClInclude Include="src\Runtime\RenderCore\Renderer.h">
      <Filter>Header Files</Filter>
    </ClInclude>
    <ClInclude Include="src\Runtime\RenderCore\RenderItem.h">
      <Filter>Header Files</Filter>
    </ClInclude>
    <ClInclude Include="src\Runtime\RenderCore\RenderResource.h">
      <Filter>Header Files</Filter>
    </ClInclude>
    <ClInclude Include="src\Runtime\RenderCore\RenderTargetManager.h">
      <Filter>Header Files</Filter>
    </ClInclude>
    <ClInclude Include="src\Runtime\RenderCore\RenderTexture.h">
      <Filter>Header Files</Filter>
    </ClInclude>
    <ClInclude Include="src\Runtime\RenderCore\RenderTextureUtility.h">
      <Filter>Header Files</Filter>
    </ClInclude>
    <ClInclude Include="src\Runtime\RenderCore\SceneManager.h">
      <Filter>Header Files</Filter>
    </ClInclude>
    <ClInclude Include="src\Runtime\RenderCore\ShaderVariantManager.h">
      <Filter>Header Files</Filter>
    </ClInclude>
    <ClInclude Include="src\Runtime\RenderCore\ShadowUtility.h">
      <Filter>Header Files</Filter>
    </ClInclude>
    <ClInclude Include="src\Runtime\RenderCore\TextureManager.h">
      <Filter>Header Files</Filter>
    </ClInclude>
    <ClInclude Include="src\Runtime\RenderCore\TonemapUtility.h">
      <Filter>Header Files</Filter>
    </ClInclude>
    <ClInclude Include="src\Runtime\Resource\File.h">
      <Filter>Header Files</Filter>
    </ClInclude>
    <ClInclude Include="src\Runtime\Resource\Serialization.h">
      <Filter>Header Files</Filter>
    </ClInclude>
    <ClInclude Include="src\ThirdParty\ColorConversion.h">
      <Filter>Header Files</Filter>
    </ClInclude>
    <ClInclude Include="src\ThirdParty\D3D12MemoryAllocator\D3D12MemAlloc.h">
      <Filter>Header Files</Filter>
    </ClInclude>
    <ClInclude Include="src\ThirdParty\d3dx12_resource_helpers.h">
      <Filter>Header Files</Filter>
    </ClInclude>
    <ClInclude Include="src\ThirdParty\DxgiFormatHelper.h">
      <Filter>Header Files</Filter>
    </ClInclude>
    <ClInclude Include="src\ThirdParty\DXTex\DirectXTex.h">
      <Filter>Header Files</Filter>
    </ClInclude>
    <ClInclude Include="src\ThirdParty\DXTex\DirectXTexP.h">
      <Filter>Header Files</Filter>
    </ClInclude>
    <ClInclude Include="src\ThirdParty\ffx_a.h">
      <Filter>Header Files</Filter>
    </ClInclude>
    <ClInclude Include="src\ThirdParty\ffx_lpm.h">
      <Filter>Header Files</Filter>
    </ClInclude>
    <ClInclude Include="src\ThirdParty\FreesyncHDR.h">
      <Filter>Header Files</Filter>
    </ClInclude>
    <ClInclude Include="src\ThirdParty\Metalib.h">
      <Filter>Header Files</Filter>
    </ClInclude>
    <ClInclude Include="src\ThirdParty\Misc.h">
      <Filter>Header Files</Filter>
    </ClInclude>
    <ClInclude Include="src\ThirdParty\stb_image.h">
      <Filter>Header Files</Filter>
    </ClInclude>
    <ClInclude Include="src\Runtime\Engine\ECS\Entity.h">
      <Filter>Header Files</Filter>
    </ClInclude>
    <ClInclude Include="src\Runtime\Engine\FrameContext.h">
      <Filter>Header Files</Filter>
    </ClInclude>
    <ClInclude Include="src\Runtime\RenderCore\Pass\AOPass.h">
      <Filter>Header Files</Filter>
    </ClInclude>
    <ClInclude Include="src\Runtime\RenderCore\Pass\BasePass.h">
      <Filter>Header Files</Filter>
    </ClInclude>
    <ClInclude Include="src\Runtime\RenderCore\Pass\BloomPass.h">
      <Filter>Header Files</Filter>
    </ClInclude>
    <ClInclude Include="src\Runtime\RenderCore\Pass\FinalBlitPass.h">
      <Filter>Header Files</Filter>
    </ClInclude>
    <ClInclude Include="src\Runtime\RenderCore\Pass\GBufferPass.h">
      <Filter>Header Files</Filter>
    </ClInclude>
    <ClInclude Include="src\Runtime\RenderCore\Pass\OpaquePass.h">
      <Filter>Header Files</Filter>
    </ClInclude>
    <ClInclude Include="src\Runtime\RenderCore\Pass\PreDrawPass.h">
      <Filter>Header Files</Filter>
    </ClInclude>
    <ClInclude Include="src\Runtime\RenderCore\Pass\RenderPassData.h">
      <Filter>Header Files</Filter>
    </ClInclude>
    <ClInclude Include="src\Runtime\RenderCore\Pass\ShadowPass.h">
      <Filter>Header Files</Filter>
    </ClInclude>
    <ClInclude Include="src\Runtime\RenderCore\Pass\SkyboxPass.h">
      <Filter>Header Files</Filter>
    </ClInclude>
    <ClInclude Include="src\Runtime\RenderCore\Pass\TonemapPass.h">
      <Filter>Header Files</Filter>
    </ClInclude>
    <ClInclude Include="src\Runtime\RenderCore\Pass\UIPass.h">
      <Filter>Header Files</Filter>
    </ClInclude>
    <ClInclude Include="src\Runtime\Resource\Model\AssimpLoader.h">
      <Filter>Header Files</Filter>
    </ClInclude>
    <ClInclude Include="src\Runtime\Resource\Model\LoadedModel.h">
      <Filter>Header Files</Filter>
    </ClInclude>
    <ClInclude Include="src\Runtime\Resource\Model\ModelImporter.h">
      <Filter>Header Files</Filter>
    </ClInclude>
    <ClInclude Include="src\Runtime\Resource\Model\ModelManager.h">
      <Filter>Header Files</Filter>
    </ClInclude>
    <ClInclude Include="src\Runtime\Resource\Model\SharedTypes.h">
      <Filter>Header Files</Filter>
    </ClInclude>
    <ClInclude Include="src\ThirdParty\WinPixEventRuntime\pix3.h">
      <Filter>Header Files</Filter>
    </ClInclude>
    <ClInclude Include="src\ThirdParty\WinPixEventRuntime\pix3_win.h">
      <Filter>Header Files</Filter>
    </ClInclude>
    <ClInclude Include="src\ThirdParty\WinPixEventRuntime\PIXEvents.h">
      <Filter>Header Files</Filter>
    </ClInclude>
    <ClInclude Include="src\ThirdParty\WinPixEventRuntime\PIXEventsCommon.h">
      <Filter>Header Files</Filter>
    </ClInclude>
    <ClInclude Include="src\ThirdParty\WinPixEventRuntime\PIXEventsLegacy.h">
      <Filter>Header Files</Filter>
    </ClInclude>
    <ClInclude Include="src\ThirdParty\imgui\imconfig.h">
      <Filter>Header Files</Filter>
    </ClInclude>
    <ClInclude Include="src\ThirdParty\imgui\imgui.h">
      <Filter>Header Files</Filter>
    </ClInclude>
    <ClInclude Include="src\ThirdParty\imgui\imgui_impl_dx12.h">
      <Filter>Header Files</Filter>
    </ClInclude>
    <ClInclude Include="src\ThirdParty\imgui\imgui_impl_win32.h">
      <Filter>Header Files</Filter>
    </ClInclude>
    <ClInclude Include="src\ThirdParty\imgui\imgui_internal.h">
      <Filter>Header Files</Filter>
    </ClInclude>
    <ClInclude Include="src\ThirdParty\imgui\imstb_rectpack.h">
      <Filter>Header Files</Filter>
    </ClInclude>
    <ClInclude Include="src\ThirdParty\imgui\imstb_textedit.h">
      <Filter>Header Files</Filter>
    </ClInclude>
    <ClInclude Include="src\ThirdParty\imgui\imstb_truetype.h">
      <Filter>Header Files</Filter>
    </ClInclude>
    <ClInclude Include="lib\AMD\libs\AGS\amd_ags.h">
      <Filter>Header Files</Filter>
    </ClInclude>
    <ClInclude Include="lib\AMD\libs\d3d12x\d3dx12.h">
      <Filter>Header Files</Filter>
    </ClInclude>
    <ClInclude Include="lib\AMD\libs\DXC\inc\d3d12shader.h">
      <Filter>Header Files</Filter>
    </ClInclude>
    <ClInclude Include="lib\AMD\libs\DXC\inc\dxcapi.h">
      <Filter>Header Files</Filter>
    </ClInclude>
    <ClInclude Include="lib\AMD\libs\json\json.h">
      <Filter>Header Files</Filter>
    </ClInclude>
    <ClInclude Include="lib\AMD\libs\vectormath\common.hpp">
      <Filter>Header Files</Filter>
    </ClInclude>
    <ClInclude Include="lib\AMD\libs\vectormath\scalar\matrix.hpp">
      <Filter>Header Files</Filter>
    </ClInclude>
    <ClInclude Include="lib\AMD\libs\vectormath\scalar\quaternion.hpp">
      <Filter>Header Files</Filter>
    </ClInclude>
    <ClInclude Include="lib\AMD\libs\vectormath\scalar\vector.hpp">
      <Filter>Header Files</Filter>
    </ClInclude>
    <ClInclude Include="lib\AMD\libs\vectormath\scalar\vectormath.hpp">
      <Filter>Header Files</Filter>
    </ClInclude>
    <ClInclude Include="lib\AMD\libs\vectormath\sse\boolinvec.hpp">
      <Filter>Header Files</Filter>
    </ClInclude>
    <ClInclude Include="lib\AMD\libs\vectormath\sse\floatinvec.hpp">
      <Filter>Header Files</Filter>
    </ClInclude>
    <ClInclude Include="lib\AMD\libs\vectormath\sse\internal.hpp">
      <Filter>Header Files</Filter>
    </ClInclude>
    <ClInclude Include="lib\AMD\libs\vectormath\sse\matrix.hpp">
      <Filter>Header Files</Filter>
    </ClInclude>
    <ClInclude Include="lib\AMD\libs\vectormath\sse\quaternion.hpp">
      <Filter>Header Files</Filter>
    </ClInclude>
    <ClInclude Include="lib\AMD\libs\vectormath\sse\vecidx.hpp">
      <Filter>Header Files</Filter>
    </ClInclude>
    <ClInclude Include="lib\AMD\libs\vectormath\sse\vector.hpp">
      <Filter>Header Files</Filter>
    </ClInclude>
    <ClInclude Include="lib\AMD\libs\vectormath\sse\vectormath.hpp">
      <Filter>Header Files</Filter>
    </ClInclude>
    <ClInclude Include="lib\AMD\libs\vectormath\vec2d.hpp">
      <Filter>Header Files</Filter>
    </ClInclude>
    <ClInclude Include="lib\AMD\libs\vectormath\vectormath.hpp">
      <Filter>Header Files</Filter>
    </ClInclude>
    <ClInclude Include="lib\AMD\libs\VulkanMemoryAllocator\vk_mem_alloc.h">
      <Filter>Header Files</Filter>
    </ClInclude>
    <ClInclude Include="lib\AMD\libs\WinPixEventRuntime\pix3.h">
      <Filter>Header Files</Filter>
    </ClInclude>
    <ClInclude Include="lib\AMD\libs\WinPixEventRuntime\pix3_win.h">
      <Filter>Header Files</Filter>
    </ClInclude>
    <ClInclude Include="lib\AMD\libs\WinPixEventRuntime\PIXEvents.h">
      <Filter>Header Files</Filter>
    </ClInclude>
    <ClInclude Include="lib\AMD\libs\WinPixEventRuntime\PIXEventsCommon.h">
      <Filter>Header Files</Filter>
    </ClInclude>
    <ClInclude Include="src\Editor\IMGUIDrawer.h">
      <Filter>Header Files</Filter>
    </ClInclude>
    <ClInclude Include="src\ThirdParty\DXTex\BC.h">
      <Filter>Header Files</Filter>
    </ClInclude>
    <ClInclude Include="src\ThirdParty\DXTex\BCDirectCompute.h">
      <Filter>Header Files</Filter>
    </ClInclude>
    <ClInclude Include="src\ThirdParty\DXTex\DDS.h">
      <Filter>Header Files</Filter>
    </ClInclude>
    <ClInclude Include="src\ThirdParty\DXTex\DirectXTex.inl">
      <Filter>Header Files</Filter>
    </ClInclude>
    <ClInclude Include="src\ThirdParty\DXTex\Filters.h">
      <Filter>Header Files</Filter>
    </ClInclude>
    <ClInclude Include="src\ThirdParty\DXTex\scoped.h">
      <Filter>Header Files</Filter>
    </ClInclude>
    <ClInclude Include="src\Runtime\RenderCore\Pass\DebugPass.h">
      <Filter>Header Files</Filter>
    </ClInclude>
    <ClInclude Include="Assets\Shaders\private\DDGICommon.hlsli" />
    <ClInclude Include="src\Runtime\RenderCore\Pass\GIPass.h">
      <Filter>Header Files</Filter>
    </ClInclude>
    <ClInclude Include="src\Programs\SBTHelper.h">
      <Filter>Header Files</Filter>
    </ClInclude>
    <ClInclude Include="src\Programs\Log.h">
      <Filter>Header Files</Filter>
    </ClInclude>
    <ClInclude Include="src\Runtime\RenderCore\GIUtility.h">
      <Filter>Header Files</Filter>
    </ClInclude>
    <ClInclude Include="src\ThirdParty\GLTF\json.hpp">
      <Filter>Header Files</Filter>
    </ClInclude>
    <ClInclude Include="src\ThirdParty\GLTF\stb_image_write.h">
      <Filter>Header Files</Filter>
    </ClInclude>
    <ClInclude Include="src\ThirdParty\GLTF\tiny_gltf.h">
      <Filter>Header Files</Filter>
    </ClInclude>
    <ClInclude Include="src\Runtime\RenderCore\BloomUtility.h">
      <Filter>Header Files</Filter>
    </ClInclude>
    <ClInclude Include="src\Runtime\RenderCore\Pass\TAAPass.h">
      <Filter>Header Files</Filter>
    </ClInclude>
    <ClInclude Include="src\Runtime\RenderCore\TAAUtility.h">
      <Filter>Header Files</Filter>
    </ClInclude>
    <ClInclude Include="src\Runtime\Engine\ImGuiUtility.h">
      <Filter>Header Files</Filter>
    </ClInclude>
    <ClInclude Include="src\Runtime\RenderCore\CASUtility.h">
      <Filter>Header Files</Filter>
    </ClInclude>
    <ClInclude Include="src\Runtime\RenderCore\Pass\SharpenPass.h">
      <Filter>Header Files</Filter>
    </ClInclude>
    <ClInclude Include="src\Runtime\RenderCore\Pass\ShadowProjectionPass.h">
      <Filter>Header Files</Filter>
    </ClInclude>
  </ItemGroup>
  <ItemGroup>
    <None Include="dxc\bin\x64\dxcompiler.dll" />
    <None Include="Assets\Shaders\private\Light.hlsli" />
    <None Include="Assets\Shaders\private\Macros.hlsli" />
    <None Include="Assets\Shaders\private\Math.hlsli" />
    <None Include="Assets\Shaders\private\SharedCommon.hlsli" />
    <None Include="Assets\Shaders\private\BRDF.hlsl" />
    <None Include="Assets\Shaders\private\Common.hlsl" />
    <None Include="Assets\Shaders\private\Light.hlsl" />
    <None Include="Assets\Shaders\private\LightCommon.hlsl" />
    <None Include="Assets\Shaders\private\ShadingCommon.hlsl" />
    <None Include="Assets\Shaders\private\Transform.hlsli" />
    <None Include="Assets\Shaders\private\ShadingModel.hlsl" />
    <None Include="Assets\Shaders\private\EnergyPreservation.hlsl" />
    <None Include="Assets\Shaders\private\AreaLightCommon.hlsl" />
    <None Include="Assets\Shaders\private\LightAccumulator.hlsl" />
    <None Include="Assets\Shaders\public\Skybox.hlsl" />
    <None Include="Assets\Shaders\private\MonteCarlo.hlsl" />
    <None Include="Assets\Shaders\private\Random.hlsl" />
    <None Include="Assets\Shaders\private\AmbientCubemap.hlsl" />
    <None Include="Assets\Shaders\public\Shadow.hlsl" />
    <None Include="Assets\Shaders\public\PBR.hlsl" />
    <None Include="Assets\Shaders\private\ShadowCommon.hlsl" />
    <None Include="Assets\Shaders\public\GBuffer.hlsl" />
    <None Include="Assets\Shaders\public\Opaque.hlsl" />
    <None Include="Assets\Shaders\public\Blit.hlsl" />
    <None Include="Assets\Shaders\private\Color.hlsl" />
    <None Include="Assets\Shaders\public\TonemapPass.hlsl" />
    <None Include="Assets\Shaders\private\DeferredCommon.hlsl" />
    <None Include="Assets\Shaders\public\FullScreenTriangle.hlsl" />
    <None Include="Assets\Shaders\public\SSAO.hlsl" />
    <None Include="Assets\Shaders\public\CS_Tonemap.hlsl" />
    <None Include="Assets\Shaders\public\CS_SSAO.hlsl" />
    <None Include="Assets\Shaders\public\PostProcess\CS_Bilateral_Blur.hlsl" />
    <None Include="Assets\Shaders\public\PostProcess\CS_TwoTwoMinHIZ.hlsl">
      <Filter>Resource Files\Shader\Public</Filter>
    </None>
    <None Include="Assets\Shaders\public\CopyTexture.hlsl" />
    <None Include="Assets\Shaders\public\PostProcess\CS_Debug.hlsl" />
    <None Include="Assets\Shaders\private\SSAOCommon.hlsli" />
    <None Include="packages.config" />
    <None Include="Assets\Shaders\public\PostProcess\CS_AOTAA.hlsl" />
    <None Include="Assets\Shaders\public\PostProcess\CS_AO.hlsl" />
    <None Include="Assets\Shaders\public\Warmup\CS_Warmup.hlsl" />
    <None Include="Assets\Shaders\public\Warmup\Warmup.hlsl" />
    <None Include="Assets\Shaders\public\PostProcess\AO\CS_PrepareDepth.hlsl" />
    <None Include="Assets\Shaders\public\PostProcess\AO\CS_AOEdgeSensitiveBlur.hlsl" />
    <None Include="Assets\Shaders\public\PostProcess\AO\CS_AOHIZNormal.hlsl" />
    <None Include="Assets\Shaders\public\PostProcess\AO\CS_GenerateAOImportance.hlsl" />
    <None Include="Assets\Shaders\public\PostProcess\AO\CS_LayeredAO.hlsl" />
    <None Include="Assets\Shaders\public\PostProcess\Debug.hlsl" />
    <None Include="Assets\Shaders\public\GI\CS_DDGI.hlsl" />
    <None Include="Assets\Shaders\public\GI\DDGI_Library.hlsl" />
    <None Include="Assets\Shaders\public\GI\Irradiance.hlsl" />
    <None Include="Assets\Shaders\public\GI\CS_RrobeOffset.hlsl" />
    <None Include="Assets\Shaders\public\GI\CS_DDGILighting.hlsl" />
    <None Include="Assets\Shaders\public\GI\CS_RayFilter.hlsl" />
    <None Include="Assets\Shaders\public\PostProcess\Bloom\Bloom.hlsl" />
    <None Include="Assets\Shaders\private\BloomCommon.hlsli" />
    <None Include="Assets\Shaders\public\PostProcess\TAA\CS_TAA.hlsl" />
    <None Include="Assets\Shaders\private\TAACommon.hlsli" />
    <None Include="Assets\Shaders\public\PostProcess\Sharpen\CS_CAS.hlsl" />
    <None Include="Assets\Shaders\private\CASCommon.hlsli" />
    <None Include="Assets\Shaders\public\CS_GBufferCulling.hlsl" />
    <None Include="Assets\Shaders\public\CS_GBufferHIZ.hlsl" />
    <None Include="Assets\Shaders\public\CS_ScreenSpaceShadow.hlsl" />
    <None Include="Assets\Shaders\private\ShadowConst.hlsli" />
    <None Include="Assets\Shaders\public\PreGen\CS_PreIntegrateSSS.hlsl" />
  </ItemGroup>
  <ItemGroup>
    <ClCompile Include="stdafx.cpp">
      <Filter>Source Files\Helper</Filter>
    </ClCompile>
    <ClCompile Include="src\Editor\IMGUIHelper.cpp">
      <Filter>Source Files</Filter>
    </ClCompile>
    <ClCompile Include="src\Editor\UI.cpp">
      <Filter>Source Files</Filter>
    </ClCompile>
    <ClCompile Include="src\Programs\UserMarker.cpp">
      <Filter>Source Files</Filter>
    </ClCompile>
    <ClCompile Include="src\Runtime\Core\SwapChain.cpp">
      <Filter>Source Files</Filter>
    </ClCompile>
    <ClCompile Include="src\Runtime\Developer\Benchmark.cpp">
      <Filter>Source Files</Filter>
    </ClCompile>
    <ClCompile Include="src\Runtime\Engine\ElysiaFrame.cpp">
      <Filter>Source Files</Filter>
    </ClCompile>
    <ClCompile Include="src\Runtime\Engine\FrameworkWindows.cpp">
      <Filter>Source Files</Filter>
    </ClCompile>
    <ClCompile Include="src\Runtime\RenderCore\RenderItem.cpp">
      <Filter>Source Files</Filter>
    </ClCompile>
    <ClCompile Include="src\Programs\Helper.cpp">
      <Filter>Source Files</Filter>
    </ClCompile>
    <ClCompile Include="src\Runtime\Engine\ECS\Entity.cpp">
      <Filter>Source Files</Filter>
    </ClCompile>
    <ClCompile Include="src\Runtime\Engine\FrameContext.cpp">
      <Filter>Source Files</Filter>
    </ClCompile>
    <ClCompile Include="src\Runtime\RenderCore\Pass\AOPass.cpp">
      <Filter>Source Files</Filter>
    </ClCompile>
    <ClCompile Include="src\Runtime\RenderCore\Pass\BasePass.cpp">
      <Filter>Source Files</Filter>
    </ClCompile>
    <ClCompile Include="src\Runtime\RenderCore\Pass\BloomPass.cpp">
      <Filter>Source Files</Filter>
    </ClCompile>
    <ClCompile Include="src\Runtime\RenderCore\Pass\FinalBlitPass.cpp">
      <Filter>Source Files</Filter>
    </ClCompile>
    <ClCompile Include="src\Runtime\RenderCore\Pass\GBufferPass.cpp">
      <Filter>Source Files</Filter>
    </ClCompile>
    <ClCompile Include="src\Runtime\RenderCore\Pass\OpaquePass.cpp">
      <Filter>Source Files</Filter>
    </ClCompile>
    <ClCompile Include="src\Runtime\RenderCore\Pass\PreDrawPass.cpp">
      <Filter>Source Files</Filter>
    </ClCompile>
    <ClCompile Include="src\Runtime\RenderCore\Pass\ShadowPass.cpp">
      <Filter>Source Files</Filter>
    </ClCompile>
    <ClCompile Include="src\Runtime\RenderCore\Pass\SkyboxPass.cpp">
      <Filter>Source Files</Filter>
    </ClCompile>
    <ClCompile Include="src\Runtime\RenderCore\Pass\TonemapPass.cpp">
      <Filter>Source Files</Filter>
    </ClCompile>
    <ClCompile Include="src\Runtime\RenderCore\Pass\UIPass.cpp">
      <Filter>Source Files</Filter>
    </ClCompile>
    <ClCompile Include="src\ThirdParty\EASTL\allocator_eastl.cpp">
      <Filter>Source Files</Filter>
    </ClCompile>
    <ClCompile Include="src\ThirdParty\EASTL\atomic.cpp">
      <Filter>Source Files</Filter>
    </ClCompile>
    <ClCompile Include="src\ThirdParty\EASTL\fixed_pool.cpp">
      <Filter>Source Files</Filter>
    </ClCompile>
    <ClCompile Include="src\ThirdParty\EASTL\intrusive_list.cpp">
      <Filter>Source Files</Filter>
    </ClCompile>
    <ClCompile Include="src\ThirdParty\EASTL\numeric_limits.cpp">
      <Filter>Source Files</Filter>
    </ClCompile>
    <ClCompile Include="src\ThirdParty\EASTL\red_black_tree.cpp">
      <Filter>Source Files</Filter>
    </ClCompile>
    <ClCompile Include="src\ThirdParty\EASTL\string.cpp">
      <Filter>Source Files</Filter>
    </ClCompile>
    <ClCompile Include="src\ThirdParty\EASTL\thread_support.cpp">
      <Filter>Source Files</Filter>
    </ClCompile>
    <ClCompile Include="src\ThirdParty\imgui\imgui.cpp">
      <Filter>Source Files</Filter>
    </ClCompile>
    <ClCompile Include="src\ThirdParty\imgui\imgui_demo.cpp">
      <Filter>Source Files</Filter>
    </ClCompile>
    <ClCompile Include="src\ThirdParty\imgui\imgui_draw.cpp">
      <Filter>Source Files</Filter>
    </ClCompile>
    <ClCompile Include="src\ThirdParty\imgui\imgui_impl_dx12.cpp">
      <Filter>Source Files</Filter>
    </ClCompile>
    <ClCompile Include="src\ThirdParty\imgui\imgui_impl_win32.cpp">
      <Filter>Source Files</Filter>
    </ClCompile>
    <ClCompile Include="src\ThirdParty\imgui\imgui_tables.cpp">
      <Filter>Source Files</Filter>
    </ClCompile>
    <ClCompile Include="src\ThirdParty\imgui\imgui_widgets.cpp">
      <Filter>Source Files</Filter>
    </ClCompile>
    <ClCompile Include="src\Editor\IMGUIDrawer.cpp">
      <Filter>Source Files</Filter>
    </ClCompile>
    <ClCompile Include="src\ThirdParty\DXTex\BC.cpp">
      <Filter>Source Files</Filter>
    </ClCompile>
    <ClCompile Include="src\ThirdParty\DXTex\BC4BC5.cpp">
      <Filter>Source Files</Filter>
    </ClCompile>
    <ClCompile Include="src\ThirdParty\DXTex\BC6HBC7.cpp">
      <Filter>Source Files</Filter>
    </ClCompile>
    <ClCompile Include="src\ThirdParty\DXTex\BCDirectCompute.cpp">
      <Filter>Source Files</Filter>
    </ClCompile>
    <ClCompile Include="src\Runtime\RenderCore\Pass\DebugPass.cpp">
      <Filter>Source Files</Filter>
    </ClCompile>
    <ClCompile Include="src\ThirdParty\xxhash.cpp">
      <Filter>Source Files</Filter>
    </ClCompile>
    <ClCompile Include="src\Runtime\Resource\Model\AssimpLoader.cpp">
      <Filter>Source Files</Filter>
    </ClCompile>
    <ClCompile Include="src\Runtime\RenderCore\BindlessTextureManager.cpp">
      <Filter>Source Files</Filter>
    </ClCompile>
    <ClCompile Include="src\Runtime\RenderCore\BufferManager.cpp">
      <Filter>Source Files</Filter>
    </ClCompile>
    <ClCompile Include="src\Runtime\RenderCore\CameraManager.cpp">
      <Filter>Source Files</Filter>
    </ClCompile>
    <ClCompile Include="src\ThirdParty\ColorConversion.cpp">
      <Filter>Source Files</Filter>
    </ClCompile>
    <ClCompile Include="src\Programs\Containers.cpp">
      <Filter>Source Files</Filter>
    </ClCompile>
    <ClCompile Include="src\ThirdParty\D3D12MemoryAllocator\D3D12MemAlloc.cpp">
      <Filter>Source Files</Filter>
    </ClCompile>
    <ClCompile Include="src\ThirdParty\d3dx12_resource_helpers.cpp">
      <Filter>Source Files</Filter>
    </ClCompile>
    <ClCompile Include="src\ThirdParty\DXTex\DirectXTexCompress.cpp">
      <Filter>Source Files</Filter>
    </ClCompile>
    <ClCompile Include="src\ThirdParty\DXTex\DirectXTexCompressGPU.cpp">
      <Filter>Source Files</Filter>
    </ClCompile>
    <ClCompile Include="src\ThirdParty\DXTex\DirectXTexConvert.cpp">
      <Filter>Source Files</Filter>
    </ClCompile>
    <ClCompile Include="src\ThirdParty\DXTex\DirectXTexDDS.cpp">
      <Filter>Source Files</Filter>
    </ClCompile>
    <ClCompile Include="src\ThirdParty\DXTex\DirectXTexFlipRotate.cpp">
      <Filter>Source Files</Filter>
    </ClCompile>
    <ClCompile Include="src\ThirdParty\DXTex\DirectXTexImage.cpp">
      <Filter>Source Files</Filter>
    </ClCompile>
    <ClCompile Include="src\ThirdParty\DXTex\DirectXTexMipmaps.cpp">
      <Filter>Source Files</Filter>
    </ClCompile>
    <ClCompile Include="src\ThirdParty\DXTex\DirectXTexMisc.cpp">
      <Filter>Source Files</Filter>
    </ClCompile>
    <ClCompile Include="src\ThirdParty\DXTex\DirectXTexNormalMaps.cpp">
      <Filter>Source Files</Filter>
    </ClCompile>
    <ClCompile Include="src\ThirdParty\DXTex\DirectXTexPMAlpha.cpp">
      <Filter>Source Files</Filter>
    </ClCompile>
    <ClCompile Include="src\ThirdParty\DXTex\DirectXTexTGA.cpp">
      <Filter>Source Files</Filter>
    </ClCompile>
    <ClCompile Include="src\ThirdParty\DXTex\DirectXTexUtil.cpp">
      <Filter>Source Files</Filter>
    </ClCompile>
    <ClCompile Include="src\ThirdParty\DXTex\DirectXTexWIC.cpp">
      <Filter>Source Files</Filter>
    </ClCompile>
    <ClCompile Include="src\Runtime\Core\DX12BufferResource.cpp">
      <Filter>Source Files</Filter>
    </ClCompile>
    <ClCompile Include="src\Runtime\Core\DX12ComputeContext.cpp">
      <Filter>Source Files</Filter>
    </ClCompile>
    <ClCompile Include="src\Runtime\Core\DX12Context.cpp">
      <Filter>Source Files</Filter>
    </ClCompile>
    <ClCompile Include="src\Runtime\Core\DX12DescriptorHeap.cpp">
      <Filter>Source Files</Filter>
    </ClCompile>
    <ClCompile Include="src\Runtime\Core\DX12Device.cpp">
      <Filter>Source Files</Filter>
    </ClCompile>
    <ClCompile Include="src\Runtime\Core\DX12GPUResource.cpp">
      <Filter>Source Files</Filter>
    </ClCompile>
    <ClCompile Include="src\Runtime\Core\DX12GraphicsContext.cpp">
      <Filter>Source Files</Filter>
    </ClCompile>
    <ClCompile Include="src\Runtime\Core\DX12PipelineState.cpp">
      <Filter>Source Files</Filter>
    </ClCompile>
    <ClCompile Include="src\Runtime\Core\DX12Queue.cpp">
      <Filter>Source Files</Filter>
    </ClCompile>
    <ClCompile Include="src\Runtime\Core\DX12QueueManager.cpp">
      <Filter>Source Files</Filter>
    </ClCompile>
    <ClCompile Include="src\Runtime\Core\DX12RenderPassDescriptorHeap.cpp">
      <Filter>Source Files</Filter>
    </ClCompile>
    <ClCompile Include="src\Runtime\Core\DX12RootSignature.cpp">
      <Filter>Source Files</Filter>
    </ClCompile>
    <ClCompile Include="src\Runtime\Core\DX12Shader.cpp">
      <Filter>Source Files</Filter>
    </ClCompile>
    <ClCompile Include="src\Runtime\Core\DX12StagingDescriptorHeap.cpp">
      <Filter>Source Files</Filter>
    </ClCompile>
    <ClCompile Include="src\Runtime\Core\DX12TextureBuffer.cpp">
      <Filter>Source Files</Filter>
    </ClCompile>
    <ClCompile Include="src\Runtime\Core\DX12UploadContext.cpp">
      <Filter>Source Files</Filter>
    </ClCompile>
    <ClCompile Include="src\Runtime\RenderCore\DX12Camera.cpp">
      <Filter>Source Files</Filter>
    </ClCompile>
    <ClCompile Include="src\Runtime\RenderCore\DX12Light.cpp">
      <Filter>Source Files</Filter>
    </ClCompile>
    <ClCompile Include="src\Runtime\RenderCore\DX12Shadow.cpp">
      <Filter>Source Files</Filter>
    </ClCompile>
    <ClCompile Include="src\ThirdParty\DxgiFormatHelper.cpp">
      <Filter>Source Files</Filter>
    </ClCompile>
    <ClCompile Include="src\Runtime\Resource\File.cpp">
      <Filter>Source Files</Filter>
    </ClCompile>
    <ClCompile Include="src\ThirdParty\FreesyncHDR.cpp">
      <Filter>Source Files</Filter>
    </ClCompile>
    <ClCompile Include="src\Runtime\Developer\GPUTimestamps.cpp">
      <Filter>Source Files</Filter>
    </ClCompile>
    <ClCompile Include="src\ThirdParty\EASTL\hashtable.cpp">
      <Filter>Source Files</Filter>
    </ClCompile>
    <ClCompile Include="src\Runtime\RenderCore\LightManager.cpp">
      <Filter>Source Files</Filter>
    </ClCompile>
    <ClCompile Include="src\Runtime\RenderCore\Material.cpp">
      <Filter>Source Files</Filter>
    </ClCompile>
    <ClCompile Include="src\Runtime\RenderCore\MaterialParams.cpp">
      <Filter>Source Files</Filter>
    </ClCompile>
    <ClCompile Include="src\Runtime\RenderCore\MeshRenderer.cpp">
      <Filter>Source Files</Filter>
    </ClCompile>
    <ClCompile Include="src\ThirdParty\Misc.cpp">
      <Filter>Source Files</Filter>
    </ClCompile>
    <ClCompile Include="src\Runtime\Resource\Model\ModelImporter.cpp">
      <Filter>Source Files</Filter>
    </ClCompile>
    <ClCompile Include="src\Runtime\Resource\Model\ModelManager.cpp">
      <Filter>Source Files</Filter>
    </ClCompile>
    <ClCompile Include="src\Runtime\Core\PipelineResourceSpace.cpp">
      <Filter>Source Files</Filter>
    </ClCompile>
    <ClCompile Include="src\Runtime\Core\PipelineStateUtility.cpp">
      <Filter>Source Files</Filter>
    </ClCompile>
    <ClCompile Include="src\Programs\PIXHelper.cpp">
      <Filter>Source Files</Filter>
    </ClCompile>
    <ClCompile Include="src\Runtime\Core\PSOHelper.cpp">
      <Filter>Source Files</Filter>
    </ClCompile>
    <ClCompile Include="src\Runtime\RenderCore\PSOManager.cpp">
      <Filter>Source Files</Filter>
    </ClCompile>
    <ClCompile Include="src\Programs\RenderHelper.cpp">
      <Filter>Source Files</Filter>
    </ClCompile>
    <ClCompile Include="src\Runtime\RenderCore\Renderer.cpp">
      <Filter>Source Files</Filter>
    </ClCompile>
    <ClCompile Include="src\Runtime\RenderCore\RenderResource.cpp">
      <Filter>Source Files</Filter>
    </ClCompile>
    <ClCompile Include="src\Runtime\RenderCore\RenderTargetManager.cpp">
      <Filter>Source Files</Filter>
    </ClCompile>
    <ClCompile Include="src\Runtime\RenderCore\RenderTexture.cpp">
      <Filter>Source Files</Filter>
    </ClCompile>
    <ClCompile Include="src\Runtime\RenderCore\SceneManager.cpp">
      <Filter>Source Files</Filter>
    </ClCompile>
    <ClCompile Include="src\Runtime\Core\ShaderCompileOptions.cpp">
      <Filter>Source Files</Filter>
    </ClCompile>
    <ClCompile Include="src\Runtime\Core\ShaderKeywordSpace.cpp">
      <Filter>Source Files</Filter>
    </ClCompile>
    <ClCompile Include="src\Runtime\RenderCore\ShaderVariantManager.cpp">
      <Filter>Source Files</Filter>
    </ClCompile>
    <ClCompile Include="src\Runtime\Core\ShaderKeywordSet.cpp">
      <Filter>Source Files</Filter>
    </ClCompile>
    <ClCompile Include="src\Runtime\Core\ShaderUtility.cpp">
      <Filter>Source Files</Filter>
    </ClCompile>
    <ClCompile Include="src\Runtime\Resource\Model\SharedTypes.cpp">
      <Filter>Source Files</Filter>
    </ClCompile>
    <ClCompile Include="src\Programs\SobolSequenceGenerator.cpp">
      <Filter>Source Files</Filter>
    </ClCompile>
    <ClCompile Include="src\ThirdParty\stb_image.cpp">
      <Filter>Source Files</Filter>
    </ClCompile>
    <ClCompile Include="src\Runtime\RenderCore\TextureManager.cpp">
      <Filter>Source Files</Filter>
    </ClCompile>
    <ClCompile Include="src\Runtime\Engine\ECS\Transform.cpp">
      <Filter>Source Files</Filter>
    </ClCompile>
    <ClCompile Include="src\Runtime\Core\UploadRingBuffer.cpp">
      <Filter>Source Files</Filter>
    </ClCompile>
    <ClCompile Include="src\Editor\UserData.cpp">
      <Filter>Source Files</Filter>
    </ClCompile>
    <ClCompile Include="src\Runtime\RenderCore\Pass\GIPass.cpp">
      <Filter>Source Files</Filter>
    </ClCompile>
    <ClCompile Include="src\Programs\SBTHelper.cpp">
      <Filter>Source Files</Filter>
    </ClCompile>
    <ClCompile Include="src\Programs\Log.cpp">
      <Filter>Source Files</Filter>
    </ClCompile>
    <ClCompile Include="src\Runtime\RenderCore\GIUtility.cpp">
      <Filter>Source Files</Filter>
    </ClCompile>
    <ClCompile Include="src\Runtime\RenderCore\Pass\TAAPass.cpp">
      <Filter>Source Files</Filter>
    </ClCompile>
    <ClCompile Include="src\Runtime\Engine\ImGuiUtility.cpp">
      <Filter>Source Files</Filter>
    </ClCompile>
    <ClCompile Include="src\Runtime\RenderCore\Pass\SharpenPass.cpp">
      <Filter>Source Files</Filter>
    </ClCompile>
    <ClCompile Include="src\Runtime\RenderCore\Pass\ShadowProjectionPass.cpp">
      <Filter>Source Files</Filter>
    </ClCompile>
    <ClCompile Include="src\ThirdParty\DXTex\DirectXTexD3D12.cpp">
      <Filter>Source Files</Filter>
    </ClCompile>
  </ItemGroup>
  <ItemGroup>
    <CopyFileToFolders Include="dxc\bin\x64\dxil.dll" />
  </ItemGroup>
  <ItemGroup>
    <Image Include="Assets\Tex\cubemap0.dds" />
  </ItemGroup>
</Project>